
Microsoft Visual Studio Solution File, Format Version 12.00
# Visual Studio Version 17
VisualStudioVersion = 17.1.32210.238
MinimumVisualStudioVersion = 10.0.40219.1
Project("{8BC9CEB8-8B4A-11D0-8D11-00A0C91BC942}") = "assignment1-4", "assignment1-4\assignment1-4.vcxproj", "{664CEAC9-E5AD-4119-AE96-E634424A4384}"
EndProject
Global
	GlobalSection(SolutionConfigurationPlatforms) = preSolution
		Debug|x64 = Debug|x64
		Debug|x86 = Debug|x86
		Release|x64 = Release|x64
		Release|x86 = Release|x86
	EndGlobalSection
	GlobalSection(ProjectConfigurationPlatforms) = postSolution
		{664CEAC9-E5AD-4119-AE96-E634424A4384}.Debug|x64.ActiveCfg = Debug|x64
		{664CEAC9-E5AD-4119-AE96-E634424A4384}.Debug|x64.Build.0 = Debug|x64
		{664CEAC9-E5AD-4119-AE96-E634424A4384}.Debug|x86.ActiveCfg = Debug|Win32
		{664CEAC9-E5AD-4119-AE96-E634424A4384}.Debug|x86.Build.0 = Debug|Win32
		{664CEAC9-E5AD-4119-AE96-E634424A4384}.Release|x64.ActiveCfg = Release|x64
		{664CEAC9-E5AD-4119-AE96-E634424A4384}.Release|x64.Build.0 = Release|x64
		{664CEAC9-E5AD-4119-AE96-E634424A4384}.Release|x86.ActiveCfg = Release|Win32
		{664CEAC9-E5AD-4119-AE96-E634424A4384}.Release|x86.Build.0 = Release|Win32
	EndGlobalSection
	GlobalSection(SolutionProperties) = preSolution
		HideSolutionNode = FALSE
	EndGlobalSection
	GlobalSection(ExtensibilityGlobals) = postSolution
		SolutionGuid = {08219A00-6947-46FC-A239-5BF002E4C5F6}
	EndGlobalSection
EndGlobal
